
Microsoft Visual Studio Solution File, Format Version 12.00
Project("{FAE04EC0-301F-11D3-BF4B-00C04F79EFBC}") = "Stwalkerster.Bot.MediaWikiLib", "Stwalkerster.Bot.MediaWikiLib\Stwalkerster.Bot.MediaWikiLib.csproj", "{0D9A07E7-8887-44D4-8FD4-7FC3A65615DC}"
EndProject
Project("{FAE04EC0-301F-11D3-BF4B-00C04F79EFBC}") = "Stwalkerster.Bot.MediaWikiLib.Tests", "Stwalkerster.Bot.MediaWikiLib.Tests\Stwalkerster.Bot.MediaWikiLib.Tests.csproj", "{2C4EAE19-0CFA-40D4-87B7-E1A7F9AAFB4D}"
EndProject
Global
	GlobalSection(SolutionConfigurationPlatforms) = preSolution
		Debug|Any CPU = Debug|Any CPU
		Release|Any CPU = Release|Any CPU
	EndGlobalSection
	GlobalSection(ProjectConfigurationPlatforms) = postSolution
		{0D9A07E7-8887-44D4-8FD4-7FC3A65615DC}.Debug|Any CPU.ActiveCfg = Debug|Any CPU
		{0D9A07E7-8887-44D4-8FD4-7FC3A65615DC}.Debug|Any CPU.Build.0 = Debug|Any CPU
		{0D9A07E7-8887-44D4-8FD4-7FC3A65615DC}.Release|Any CPU.ActiveCfg = Release|Any CPU
		{0D9A07E7-8887-44D4-8FD4-7FC3A65615DC}.Release|Any CPU.Build.0 = Release|Any CPU
		{2C4EAE19-0CFA-40D4-87B7-E1A7F9AAFB4D}.Debug|Any CPU.ActiveCfg = Debug|Any CPU
		{2C4EAE19-0CFA-40D4-87B7-E1A7F9AAFB4D}.Debug|Any CPU.Build.0 = Debug|Any CPU
		{2C4EAE19-0CFA-40D4-87B7-E1A7F9AAFB4D}.Release|Any CPU.ActiveCfg = Release|Any CPU
		{2C4EAE19-0CFA-40D4-87B7-E1A7F9AAFB4D}.Release|Any CPU.Build.0 = Release|Any CPU
	EndGlobalSection
EndGlobal
